
Microsoft Visual Studio Solution File, Format Version 12.00
# Visual Studio Version 17
VisualStudioVersion = 17.13.35825.156 d17.13
MinimumVisualStudioVersion = 10.0.40219.1
Project("{FAE04EC0-301F-11D3-BF4B-00C04F79EFBC}") = "AspNetMvcFoad2025", "AspNetMvcFoad2025\AspNetMvcFoad2025.csproj", "{03C754C3-B57F-49C8-9A50-D8F292FC8619}"
EndProject
Project("{FAE04EC0-301F-11D3-BF4B-00C04F79EFBC}") = "AspNetWebFormFoad2025", "AspNetWebFormFoad2025\AspNetWebFormFoad2025.csproj", "{1E78AAA8-3580-4DE8-AF1C-F4944EA952ED}"
EndProject
Global
	GlobalSection(SolutionConfigurationPlatforms) = preSolution
		Debug|Any CPU = Debug|Any CPU
		Release|Any CPU = Release|Any CPU
	EndGlobalSection
	GlobalSection(ProjectConfigurationPlatforms) = postSolution
		{03C754C3-B57F-49C8-9A50-D8F292FC8619}.Debug|Any CPU.ActiveCfg = Debug|Any CPU
		{03C754C3-B57F-49C8-9A50-D8F292FC8619}.Debug|Any CPU.Build.0 = Debug|Any CPU
		{03C754C3-B57F-49C8-9A50-D8F292FC8619}.Release|Any CPU.ActiveCfg = Release|Any CPU
		{03C754C3-B57F-49C8-9A50-D8F292FC8619}.Release|Any CPU.Build.0 = Release|Any CPU
		{1E78AAA8-3580-4DE8-AF1C-F4944EA952ED}.Debug|Any CPU.ActiveCfg = Debug|Any CPU
		{1E78AAA8-3580-4DE8-AF1C-F4944EA952ED}.Debug|Any CPU.Build.0 = Debug|Any CPU
		{1E78AAA8-3580-4DE8-AF1C-F4944EA952ED}.Release|Any CPU.ActiveCfg = Release|Any CPU
		{1E78AAA8-3580-4DE8-AF1C-F4944EA952ED}.Release|Any CPU.Build.0 = Release|Any CPU
	EndGlobalSection
	GlobalSection(SolutionProperties) = preSolution
		HideSolutionNode = FALSE
	EndGlobalSection
	GlobalSection(ExtensibilityGlobals) = postSolution
		SolutionGuid = {A909C051-8852-4204-9836-DA34CF0D6C2D}
	EndGlobalSection
EndGlobal
